{
    "_readme": [
        "This file locks the dependencies of your project to a known state",
        "Read more about it at http://getcomposer.org/doc/01-basic-usage.md#composer-lock-the-lock-file",
        "This file is @generated automatically"
    ],
    "hash": "a7f4e0d3b097001f9e35d6bb3a2a5c62",
    "packages": [
        {
            "name": "burntcaramel/glaze",
            "version": "1.7.0",
            "source": {
                "type": "git",
                "url": "https://github.com/BurntCaramel/glaze.git",
                "reference": "dc6849e04582a7de6a50df47304b42342461be5f"
            },
            "dist": {
                "type": "zip",
                "url": "https://api.github.com/repos/BurntCaramel/glaze/zipball/dc6849e04582a7de6a50df47304b42342461be5f",
                "reference": "dc6849e04582a7de6a50df47304b42342461be5f",
                "shasum": ""
            },
            "require": {
                "php": ">=5.3.0"
            },
            "type": "library",
            "notification-url": "https://packagist.org/downloads/",
            "license": [
                "MIT"
            ],
            "description": "Easy to use functions for displaying HTML attributes & elements, escaping text, URLs, email addresses.",
            "keywords": [
                "Escape",
                "display",
                "escaping",
                "glaze",
                "glazy",
                "html",
                "text"
            ],
            "time": "2014-07-21 03:32:58"
        },
        {
            "name": "burntcaramel/stir",
            "version": "1.0",
            "source": {
                "type": "git",
                "url": "https://github.com/BurntCaramel/stir.git",
                "reference": "c84f45eb211b8c89aa3d88e2f4e6d98ce627817e"
            },
            "dist": {
                "type": "zip",
                "url": "https://api.github.com/repos/BurntCaramel/stir/zipball/c84f45eb211b8c89aa3d88e2f4e6d98ce627817e",
                "reference": "c84f45eb211b8c89aa3d88e2f4e6d98ce627817e",
                "shasum": ""
            },
            "require": {
                "php": ">=5.3.0"
            },
            "type": "library",
            "notification-url": "https://packagist.org/downloads/",
            "license": [
                "MIT"
            ],
            "description": "Record time taken in your website.",
            "keywords": [
                "benchmark",
                "record",
                "stir",
                "time"
            ],
            "time": "2014-05-23 11:15:47"
        }
    ],
    "packages-dev": [

    ],
    "aliases": [

    ],
    "minimum-stability": "stable",
    "stability-flags": [

    ],
    "prefer-stable": false,
    "platform": {
        "php": ">=5.3.0"
    },
    "platform-dev": [

    ]
}
